Microsoft Visual Studio Solution File, Format Version 12.00
# Visual Studio 15
VisualStudioVersion = 15.0.27130.2036
MinimumVisualStudioVersion = 15.0.26124.0
Project("{9A19103F-16F7-4668-BE54-9A1E7A4F7556}") = "EasyTalent.Api", "EasyTalent.Api\EasyTalent.Api.csproj", "{19AB930A-4DEC-4493-AD8A-353C588C86B3}"
EndProject
Project("{9A19103F-16F7-4668-BE54-9A1E7A4F7556}") = "EasyTalent.Dominio.Test", "EasyTalent.Dominio.Test\EasyTalent.Dominio.Test.csproj", "{1ACEC63A-AF16-4741-97E0-DA438EB86F9D}"
EndProject
Project("{FAE04EC0-301F-11D3-BF4B-00C04F79EFBC}") = "EasyTalent.NucleoCompartilhado", "EasyTalent.NucleoCompartilhado\EasyTalent.NucleoCompartilhado.csproj", "{26943D69-73C5-49CF-BD95-0DAEB778415E}"
EndProject
Project("{FAE04EC0-301F-11D3-BF4B-00C04F79EFBC}") = "EasyTalent.NucleoCompartilhado.Test", "EasyTalent.NucleoCompartilhado.Test\EasyTalent.NucleoCompartilhado.Test.csproj", "{C9744211-E288-4EF7-B9DD-B63D9E2F416E}"
EndProject
Project("{FAE04EC0-301F-11D3-BF4B-00C04F79EFBC}") = "EasyTalent.Dominio", "EasyTalent.Dominio\EasyTalent.Dominio.csproj", "{4BDEDBAB-598E-4892-B758-59927193380D}"
EndProject
Global
	GlobalSection(SolutionConfigurationPlatforms) = preSolution
		Debug|Any CPU = Debug|Any CPU
		Debug|x64 = Debug|x64
		Debug|x86 = Debug|x86
		Release|Any CPU = Release|Any CPU
		Release|x64 = Release|x64
		Release|x86 = Release|x86
	EndGlobalSection
	GlobalSection(ProjectConfigurationPlatforms) = postSolution
		{19AB930A-4DEC-4493-AD8A-353C588C86B3}.Debug|Any CPU.ActiveCfg = Debug|Any CPU
		{19AB930A-4DEC-4493-AD8A-353C588C86B3}.Debug|Any CPU.Build.0 = Debug|Any CPU
		{19AB930A-4DEC-4493-AD8A-353C588C86B3}.Debug|x64.ActiveCfg = Debug|Any CPU
		{19AB930A-4DEC-4493-AD8A-353C588C86B3}.Debug|x64.Build.0 = Debug|Any CPU
		{19AB930A-4DEC-4493-AD8A-353C588C86B3}.Debug|x86.ActiveCfg = Debug|Any CPU
		{19AB930A-4DEC-4493-AD8A-353C588C86B3}.Debug|x86.Build.0 = Debug|Any CPU
		{19AB930A-4DEC-4493-AD8A-353C588C86B3}.Release|Any CPU.ActiveCfg = Release|Any CPU
		{19AB930A-4DEC-4493-AD8A-353C588C86B3}.Release|Any CPU.Build.0 = Release|Any CPU
		{19AB930A-4DEC-4493-AD8A-353C588C86B3}.Release|x64.ActiveCfg = Release|Any CPU
		{19AB930A-4DEC-4493-AD8A-353C588C86B3}.Release|x64.Build.0 = Release|Any CPU
		{19AB930A-4DEC-4493-AD8A-353C588C86B3}.Release|x86.ActiveCfg = Release|Any CPU
		{19AB930A-4DEC-4493-AD8A-353C588C86B3}.Release|x86.Build.0 = Release|Any CPU
		{1ACEC63A-AF16-4741-97E0-DA438EB86F9D}.Debug|Any CPU.ActiveCfg = Debug|Any CPU
		{1ACEC63A-AF16-4741-97E0-DA438EB86F9D}.Debug|Any CPU.Build.0 = Debug|Any CPU
		{1ACEC63A-AF16-4741-97E0-DA438EB86F9D}.Debug|x64.ActiveCfg = Debug|Any CPU
		{1ACEC63A-AF16-4741-97E0-DA438EB86F9D}.Debug|x64.Build.0 = Debug|Any CPU
		{1ACEC63A-AF16-4741-97E0-DA438EB86F9D}.Debug|x86.ActiveCfg = Debug|Any CPU
		{1ACEC63A-AF16-4741-97E0-DA438EB86F9D}.Debug|x86.Build.0 = Debug|Any CPU
		{1ACEC63A-AF16-4741-97E0-DA438EB86F9D}.Release|Any CPU.ActiveCfg = Release|Any CPU
		{1ACEC63A-AF16-4741-97E0-DA438EB86F9D}.Release|Any CPU.Build.0 = Release|Any CPU
		{1ACEC63A-AF16-4741-97E0-DA438EB86F9D}.Release|x64.ActiveCfg = Release|Any CPU
		{1ACEC63A-AF16-4741-97E0-DA438EB86F9D}.Release|x64.Build.0 = Release|Any CPU
		{1ACEC63A-AF16-4741-97E0-DA438EB86F9D}.Release|x86.ActiveCfg = Release|Any CPU
		{1ACEC63A-AF16-4741-97E0-DA438EB86F9D}.Release|x86.Build.0 = Release|Any CPU
		{26943D69-73C5-49CF-BD95-0DAEB778415E}.Debug|Any CPU.ActiveCfg = Debug|Any CPU
		{26943D69-73C5-49CF-BD95-0DAEB778415E}.Debug|Any CPU.Build.0 = Debug|Any CPU
		{26943D69-73C5-49CF-BD95-0DAEB778415E}.Debug|x64.ActiveCfg = Debug|Any CPU
		{26943D69-73C5-49CF-BD95-0DAEB778415E}.Debug|x64.Build.0 = Debug|Any CPU
		{26943D69-73C5-49CF-BD95-0DAEB778415E}.Debug|x86.ActiveCfg = Debug|Any CPU
		{26943D69-73C5-49CF-BD95-0DAEB778415E}.Debug|x86.Build.0 = Debug|Any CPU
		{26943D69-73C5-49CF-BD95-0DAEB778415E}.Release|Any CPU.ActiveCfg = Release|Any CPU
		{26943D69-73C5-49CF-BD95-0DAEB778415E}.Release|Any CPU.Build.0 = Release|Any CPU
		{26943D69-73C5-49CF-BD95-0DAEB778415E}.Release|x64.ActiveCfg = Release|Any CPU
		{26943D69-73C5-49CF-BD95-0DAEB778415E}.Release|x64.Build.0 = Release|Any CPU
		{26943D69-73C5-49CF-BD95-0DAEB778415E}.Release|x86.ActiveCfg = Release|Any CPU
		{26943D69-73C5-49CF-BD95-0DAEB778415E}.Release|x86.Build.0 = Release|Any CPU
		{C9744211-E288-4EF7-B9DD-B63D9E2F416E}.Debug|Any CPU.ActiveCfg = Debug|Any CPU
		{C9744211-E288-4EF7-B9DD-B63D9E2F416E}.Debug|Any CPU.Build.0 = Debug|Any CPU
		{C9744211-E288-4EF7-B9DD-B63D9E2F416E}.Debug|x64.ActiveCfg = Debug|Any CPU
		{C9744211-E288-4EF7-B9DD-B63D9E2F416E}.Debug|x64.Build.0 = Debug|Any CPU
		{C9744211-E288-4EF7-B9DD-B63D9E2F416E}.Debug|x86.ActiveCfg = Debug|Any CPU
		{C9744211-E288-4EF7-B9DD-B63D9E2F416E}.Debug|x86.Build.0 = Debug|Any CPU
		{C9744211-E288-4EF7-B9DD-B63D9E2F416E}.Release|Any CPU.ActiveCfg = Release|Any CPU
		{C9744211-E288-4EF7-B9DD-B63D9E2F416E}.Release|Any CPU.Build.0 = Release|Any CPU
		{C9744211-E288-4EF7-B9DD-B63D9E2F416E}.Release|x64.ActiveCfg = Release|Any CPU
		{C9744211-E288-4EF7-B9DD-B63D9E2F416E}.Release|x64.Build.0 = Release|Any CPU
		{C9744211-E288-4EF7-B9DD-B63D9E2F416E}.Release|x86.ActiveCfg = Release|Any CPU
		{C9744211-E288-4EF7-B9DD-B63D9E2F416E}.Release|x86.Build.0 = Release|Any CPU
		{4BDEDBAB-598E-4892-B758-59927193380D}.Debug|Any CPU.ActiveCfg = Debug|Any CPU
		{4BDEDBAB-598E-4892-B758-59927193380D}.Debug|Any CPU.Build.0 = Debug|Any CPU
		{4BDEDBAB-598E-4892-B758-59927193380D}.Debug|x64.ActiveCfg = Debug|Any CPU
		{4BDEDBAB-598E-4892-B758-59927193380D}.Debug|x64.Build.0 = Debug|Any CPU
		{4BDEDBAB-598E-4892-B758-59927193380D}.Debug|x86.ActiveCfg = Debug|Any CPU
		{4BDEDBAB-598E-4892-B758-59927193380D}.Debug|x86.Build.0 = Debug|Any CPU
		{4BDEDBAB-598E-4892-B758-59927193380D}.Release|Any CPU.ActiveCfg = Release|Any CPU
		{4BDEDBAB-598E-4892-B758-59927193380D}.Release|Any CPU.Build.0 = Release|Any CPU
		{4BDEDBAB-598E-4892-B758-59927193380D}.Release|x64.ActiveCfg = Release|Any CPU
		{4BDEDBAB-598E-4892-B758-59927193380D}.Release|x64.Build.0 = Release|Any CPU
		{4BDEDBAB-598E-4892-B758-59927193380D}.Release|x86.ActiveCfg = Release|Any CPU
		{4BDEDBAB-598E-4892-B758-59927193380D}.Release|x86.Build.0 = Release|Any CPU
	EndGlobalSection
	GlobalSection(SolutionProperties) = preSolution
		HideSolutionNode = FALSE
	EndGlobalSection
	GlobalSection(ExtensibilityGlobals) = postSolution
		SolutionGuid = {3947EEA0-32DF-4A72-8FD5-7B51A22BC73F}
	EndGlobalSection
EndGlobal
